
Microsoft Visual Studio Solution File, Format Version 12.00
Project("{2150E333-8FDC-42A3-9474-1A3956D46DE8}") = "src", "src", "{F1D8D967-2738-4B2B-AD70-394390E78809}"
EndProject
Project("{2150E333-8FDC-42A3-9474-1A3956D46DE8}") = "Core", "Core", "{7089BB3A-CD30-4C76-9988-5DEB66390783}"
EndProject
Project("{2150E333-8FDC-42A3-9474-1A3956D46DE8}") = "test", "test", "{C6803166-7626-4478-A39E-ABD4A1EA211D}"
EndProject
Project("{2150E333-8FDC-42A3-9474-1A3956D46DE8}") = "API", "API", "{047766EC-B935-4D11-91ED-9ACF9ACC65D8}"
EndProject
Project("{2150E333-8FDC-42A3-9474-1A3956D46DE8}") = "UI", "UI", "{E6BF608A-9DD5-43E5-9218-CFBA368BFBF9}"
EndProject
Project("{2150E333-8FDC-42A3-9474-1A3956D46DE8}") = "Infrastructure", "Infrastructure", "{6CB67A0B-A7DD-42EF-BC1F-5D7664451D65}"
EndProject
Project("{FAE04EC0-301F-11D3-BF4B-00C04F79EFBC}") = "HR.LeaveManagement.Domain", "HR.LeaveManagement.Domain\HR.LeaveManagement.Domain.csproj", "{A32F06C4-063A-4DD4-A945-85E9889C8E62}"
EndProject
Project("{FAE04EC0-301F-11D3-BF4B-00C04F79EFBC}") = "HR.LeaveManagement.Application", "HR.LeaveManagement.Application\HR.LeaveManagement.Application.csproj", "{8741EAA6-CCF1-4002-B58A-C9B81A86514B}"
EndProject
Global
	GlobalSection(SolutionConfigurationPlatforms) = preSolution
		Debug|Any CPU = Debug|Any CPU
		Release|Any CPU = Release|Any CPU
	EndGlobalSection
	GlobalSection(NestedProjects) = preSolution
		{7089BB3A-CD30-4C76-9988-5DEB66390783} = {F1D8D967-2738-4B2B-AD70-394390E78809}
		{047766EC-B935-4D11-91ED-9ACF9ACC65D8} = {F1D8D967-2738-4B2B-AD70-394390E78809}
		{E6BF608A-9DD5-43E5-9218-CFBA368BFBF9} = {F1D8D967-2738-4B2B-AD70-394390E78809}
		{6CB67A0B-A7DD-42EF-BC1F-5D7664451D65} = {F1D8D967-2738-4B2B-AD70-394390E78809}
		{A32F06C4-063A-4DD4-A945-85E9889C8E62} = {7089BB3A-CD30-4C76-9988-5DEB66390783}
		{8741EAA6-CCF1-4002-B58A-C9B81A86514B} = {7089BB3A-CD30-4C76-9988-5DEB66390783}
	EndGlobalSection
	GlobalSection(ProjectConfigurationPlatforms) = postSolution
		{A32F06C4-063A-4DD4-A945-85E9889C8E62}.Debug|Any CPU.ActiveCfg = Debug|Any CPU
		{A32F06C4-063A-4DD4-A945-85E9889C8E62}.Debug|Any CPU.Build.0 = Debug|Any CPU
		{A32F06C4-063A-4DD4-A945-85E9889C8E62}.Release|Any CPU.ActiveCfg = Release|Any CPU
		{A32F06C4-063A-4DD4-A945-85E9889C8E62}.Release|Any CPU.Build.0 = Release|Any CPU
		{8741EAA6-CCF1-4002-B58A-C9B81A86514B}.Debug|Any CPU.ActiveCfg = Debug|Any CPU
		{8741EAA6-CCF1-4002-B58A-C9B81A86514B}.Debug|Any CPU.Build.0 = Debug|Any CPU
		{8741EAA6-CCF1-4002-B58A-C9B81A86514B}.Release|Any CPU.ActiveCfg = Release|Any CPU
		{8741EAA6-CCF1-4002-B58A-C9B81A86514B}.Release|Any CPU.Build.0 = Release|Any CPU
	EndGlobalSection
EndGlobal
